<?xml version="1.0" encoding="utf-8"?>
<Project ToolsVersion="4.0" xmlns="http://schemas.microsoft.com/developer/msbuild/2003">
  <ItemGroup>
    <Filter Include="Source Code">
      <UniqueIdentifier>{4FC737F1-C7A5-4376-A066-2A32D752A2FF}</UniqueIdentifier>
      <Extensions>cpp;c;cc;cxx;def;odl;idl;hpj;bat;asm;asmx</Extensions>
    </Filter>
    <Filter Include="Source Code\Framework">
      <UniqueIdentifier>{b54a68f7-a9da-4574-862b-c9b5ad6f11ba}</UniqueIdentifier>
    </Filter>
    <Filter Include="Source Code\Framework\Events">
      <UniqueIdentifier>{6eb1c969-07a2-4550-bd84-dbcd454ca0b3}</UniqueIdentifier>
    </Filter>
    <Filter Include="Source Code\Framework\Objects">
      <UniqueIdentifier>{fcda6fbb-7d88-4697-91fb-d43da7cab70b}</UniqueIdentifier>
    </Filter>
    <Filter Include="Source Code\Framework\OpenGL">
      <UniqueIdentifier>{b3392d56-27ac-41a1-a5e3-ee6315d92e34}</UniqueIdentifier>
    </Filter>
    <Filter Include="Source Code\Framework\Scenes">
      <UniqueIdentifier>{bcda849d-0d4f-46fb-957e-15fff87f7cd3}</UniqueIdentifier>
    </Filter>
    <Filter Include="Source Code\Framework\Win32">
      <UniqueIdentifier>{5a22355c-6115-491b-9b6e-9f944a799891}</UniqueIdentifier>
    </Filter>
    <Filter Include="Source Code\Framework\Shaders">
      <UniqueIdentifier>{78b5e65d-76b0-4906-9bc7-cb3949c01ab3}</UniqueIdentifier>
    </Filter>
    <Filter Include="Source Code\Game">
      <UniqueIdentifier>{55307dfc-7500-4f94-8047-7a217e2be469}</UniqueIdentifier>
    </Filter>
    <Filter Include="Source Code\Game\Events">
      <UniqueIdentifier>{07509bcc-b467-4968-a58b-2f2bfe3b41fe}</UniqueIdentifier>
    </Filter>
    <Filter Include="Source Code\Game\Scenes">
      <UniqueIdentifier>{e9463c26-9911-49b6-aebb-bb75fc4499d1}</UniqueIdentifier>
    </Filter>
  </ItemGroup>
  <ItemGroup>
    <ClCompile Include="EventLogger.cpp">
      <Filter>Source Code\Framework\Events</Filter>
    </ClCompile>
    <ClCompile Include="EventManager.cpp">
      <Filter>Source Code\Framework\Events</Filter>
    </ClCompile>
    <ClCompile Include="GL_Matrix.cpp">
      <Filter>Source Code\Framework\OpenGL</Filter>
    </ClCompile>
    <ClCompile Include="GL_Object.cpp">
      <Filter>Source Code\Framework\OpenGL</Filter>
    </ClCompile>
    <ClCompile Include="GL_Program.cpp">
      <Filter>Source Code\Framework\OpenGL</Filter>
    </ClCompile>
    <ClCompile Include="GL_Renderer.cpp">
      <Filter>Source Code\Framework\OpenGL</Filter>
    </ClCompile>
    <ClCompile Include="GL_Shader_Manager.cpp">
      <Filter>Source Code\Framework\OpenGL</Filter>
    </ClCompile>
    <ClCompile Include="GL_String.cpp">
      <Filter>Source Code\Framework\OpenGL</Filter>
    </ClCompile>
    <ClCompile Include="GL_Texture.cpp">
      <Filter>Source Code\Framework\OpenGL</Filter>
    </ClCompile>
    <ClCompile Include="GL_Texture_Manager.cpp">
      <Filter>Source Code\Framework\OpenGL</Filter>
    </ClCompile>
    <ClCompile Include="Win32Driver.cpp">
      <Filter>Source Code\Framework\Win32</Filter>
    </ClCompile>
    <ClCompile Include="Win32Keyboard.cpp">
      <Filter>Source Code\Framework\Win32</Filter>
    </ClCompile>
    <ClCompile Include="Win32Mouse.cpp">
      <Filter>Source Code\Framework\Win32</Filter>
    </ClCompile>
    <ClCompile Include="Win32System.cpp">
      <Filter>Source Code\Framework\Win32</Filter>
    </ClCompile>
    <ClCompile Include="Win32Timer.cpp">
      <Filter>Source Code\Framework\Win32</Filter>
    </ClCompile>
    <ClCompile Include="Win32Window.cpp">
      <Filter>Source Code\Framework\Win32</Filter>
    </ClCompile>
    <ClCompile Include="SceneFactory.cpp">
      <Filter>Source Code\Framework\Scenes</Filter>
    </ClCompile>
    <ClCompile Include="SceneManager.cpp">
      <Filter>Source Code\Framework\Scenes</Filter>
    </ClCompile>
    <ClCompile Include="Projectile.cpp">
      <Filter>Source Code\Framework\Objects</Filter>
    </ClCompile>
    <ClCompile Include="Projectiles.cpp">
      <Filter>Source Code\Framework\Objects</Filter>
    </ClCompile>
    <ClCompile Include="Target.cpp">
      <Filter>Source Code\Framework\Objects</Filter>
    </ClCompile>
    <ClCompile Include="Trajectory.cpp">
      <Filter>Source Code\Framework\Objects</Filter>
    </ClCompile>
    <ClCompile Include="Cannon.cpp">
      <Filter>Source Code\Framework\Objects</Filter>
    </ClCompile>
    <ClCompile Include="Button.cpp">
      <Filter>Source Code\Framework\Objects</Filter>
    </ClCompile>
    <ClCompile Include="ExitEvent.cpp">
      <Filter>Source Code\Game\Events</Filter>
    </ClCompile>
    <ClCompile Include="BackEvent.cpp">
      <Filter>Source Code\Game\Events</Filter>
    </ClCompile>
    <ClCompile Include="PlayEvent.cpp">
      <Filter>Source Code\Game\Events</Filter>
    </ClCompile>
    <ClCompile Include="MainScene.cpp">
      <Filter>Source Code\Game\Scenes</Filter>
    </ClCompile>
    <ClCompile Include="MainMenu.cpp">
      <Filter>Source Code\Game\Scenes</Filter>
    </ClCompile>
    <ClCompile Include="Main.cpp">
      <Filter>Source Code\Game</Filter>
    </ClCompile>
  </ItemGroup>
  <ItemGroup>
    <ClInclude Include="EventLogger.h">
      <Filter>Source Code\Framework\Events</Filter>
    </ClInclude>
    <ClInclude Include="EventManager.h">
      <Filter>Source Code\Framework\Events</Filter>
    </ClInclude>
    <ClInclude Include="GL_Header.h">
      <Filter>Source Code\Framework\OpenGL</Filter>
    </ClInclude>
    <ClInclude Include="GL_Matrix.h">
      <Filter>Source Code\Framework\OpenGL</Filter>
    </ClInclude>
    <ClInclude Include="GL_Object.h">
      <Filter>Source Code\Framework\OpenGL</Filter>
    </ClInclude>
    <ClInclude Include="GL_Program.h">
      <Filter>Source Code\Framework\OpenGL</Filter>
    </ClInclude>
    <ClInclude Include="GL_Renderer.h">
      <Filter>Source Code\Framework\OpenGL</Filter>
    </ClInclude>
    <ClInclude Include="GL_Shader_Manager.h">
      <Filter>Source Code\Framework\OpenGL</Filter>
    </ClInclude>
    <ClInclude Include="GL_String.h">
      <Filter>Source Code\Framework\OpenGL</Filter>
    </ClInclude>
    <ClInclude Include="GL_Texture.h">
      <Filter>Source Code\Framework\OpenGL</Filter>
    </ClInclude>
    <ClInclude Include="GL_Texture_Manager.h">
      <Filter>Source Code\Framework\OpenGL</Filter>
    </ClInclude>
    <ClInclude Include="Win32Window.h">
      <Filter>Source Code\Framework\Win32</Filter>
    </ClInclude>
    <ClInclude Include="Win32Driver.h">
      <Filter>Source Code\Framework\Win32</Filter>
    </ClInclude>
    <ClInclude Include="Win32Header.h">
      <Filter>Source Code\Framework\Win32</Filter>
    </ClInclude>
    <ClInclude Include="Win32Keyboard.h">
      <Filter>Source Code\Framework\Win32</Filter>
    </ClInclude>
    <ClInclude Include="Win32Mouse.h">
      <Filter>Source Code\Framework\Win32</Filter>
    </ClInclude>
    <ClInclude Include="Win32System.h">
      <Filter>Source Code\Framework\Win32</Filter>
    </ClInclude>
    <ClInclude Include="Win32Timer.h">
      <Filter>Source Code\Framework\Win32</Filter>
    </ClInclude>
    <ClInclude Include="Win32Codes.h">
      <Filter>Source Code\Framework\Win32</Filter>
    </ClInclude>
    <ClInclude Include="SceneManager.h">
      <Filter>Source Code\Framework\Scenes</Filter>
    </ClInclude>
    <ClInclude Include="Scene.h">
      <Filter>Source Code\Framework\Scenes</Filter>
    </ClInclude>
    <ClInclude Include="SceneFactory.h">
      <Filter>Source Code\Framework\Scenes</Filter>
    </ClInclude>
    <ClInclude Include="SceneList.h">
      <Filter>Source Code\Framework\Scenes</Filter>
    </ClInclude>
    <ClInclude Include="Trajectory.h">
      <Filter>Source Code\Framework\Objects</Filter>
    </ClInclude>
    <ClInclude Include="Objects.h">
      <Filter>Source Code\Framework\Objects</Filter>
    </ClInclude>
    <ClInclude Include="Projectile.h">
      <Filter>Source Code\Framework\Objects</Filter>
    </ClInclude>
    <ClInclude Include="Projectiles.h">
      <Filter>Source Code\Framework\Objects</Filter>
    </ClInclude>
    <ClInclude Include="Target.h">
      <Filter>Source Code\Framework\Objects</Filter>
    </ClInclude>
    <ClInclude Include="Cannon.h">
      <Filter>Source Code\Framework\Objects</Filter>
    </ClInclude>
    <ClInclude Include="Button.h">
      <Filter>Source Code\Framework\Objects</Filter>
    </ClInclude>
    <ClInclude Include="IEvent.h">
      <Filter>Source Code\Framework\Events</Filter>
    </ClInclude>
    <ClInclude Include="ExitEvent.h">
      <Filter>Source Code\Game\Events</Filter>
    </ClInclude>
    <ClInclude Include="BackEvent.h">
      <Filter>Source Code\Game\Events</Filter>
    </ClInclude>
    <ClInclude Include="PlayEvent.h">
      <Filter>Source Code\Game\Events</Filter>
    </ClInclude>
    <ClInclude Include="MainScene.h">
      <Filter>Source Code\Game\Scenes</Filter>
    </ClInclude>
    <ClInclude Include="MainMenu.h">
      <Filter>Source Code\Game\Scenes</Filter>
    </ClInclude>
    <ClInclude Include="Main.h">
      <Filter>Source Code\Game</Filter>
    </ClInclude>
  </ItemGroup>
  <ItemGroup>
    <None Include="data\shaders\Trajectory.frag">
      <Filter>Source Code\Framework\Shaders</Filter>
    </None>
    <None Include="data\shaders\Trajectory.vert">
      <Filter>Source Code\Framework\Shaders</Filter>
    </None>
    <None Include="data\shaders\text.frag">
      <Filter>Source Code\Framework\Shaders</Filter>
    </None>
    <None Include="data\shaders\text.vert">
      <Filter>Source Code\Framework\Shaders</Filter>
    </None>
    <None Include="data\shaders\texture.frag">
      <Filter>Source Code\Framework\Shaders</Filter>
    </None>
    <None Include="data\shaders\texture.vert">
      <Filter>Source Code\Framework\Shaders</Filter>
    </None>
  </ItemGroup>
</Project>